
Microsoft Visual Studio Solution File, Format Version 11.00
# Visual Studio 2010
Project("{FAE04EC0-301F-11D3-BF4B-00C04F79EFBC}") = "Assembly-CSharp", "Assembly-CSharp.csproj", "{732201d8-013b-9727-a876-3f8ede255fa1}"
EndProject
Project("{FAE04EC0-301F-11D3-BF4B-00C04F79EFBC}") = "Assembly-CSharp-Editor", "Assembly-CSharp-Editor.csproj", "{0f8036c5-f477-821d-0632-8d085cfa904c}"
EndProject
Global
	GlobalSection(SolutionConfigurationPlatforms) = preSolution
		Debug|Any CPU = Debug|Any CPU
	EndGlobalSection
	GlobalSection(ProjectConfigurationPlatforms) = postSolution
		{732201d8-013b-9727-a876-3f8ede255fa1}.Debug|Any CPU.ActiveCfg = Debug|Any CPU
		{732201d8-013b-9727-a876-3f8ede255fa1}.Debug|Any CPU.Build.0 = Debug|Any CPU
		{0f8036c5-f477-821d-0632-8d085cfa904c}.Debug|Any CPU.ActiveCfg = Debug|Any CPU
		{0f8036c5-f477-821d-0632-8d085cfa904c}.Debug|Any CPU.Build.0 = Debug|Any CPU
	EndGlobalSection
	GlobalSection(SolutionProperties) = preSolution
		HideSolutionNode = FALSE
	EndGlobalSection
EndGlobal
